{
  "name": "frontend",
  "version": "0.1.0",
  "lockfileVersion": 1,
  "requires": true,
  "dependencies": {
    "@fortawesome/fontawesome-common-types": {
      "version": "0.1.3",
      "resolved": "https://registry.npmjs.org/@fortawesome/fontawesome-common-types/-/fontawesome-common-types-0.1.3.tgz",
      "integrity": "sha512-jJXUoNkmHozqlcXzNiYytcmEe3eNxn7Vh8hmnIoRi0TmT3ChQ0osuSApuIObIomnIcvqlA24FCpnamKvfZ7F5g=="
    },
    "@fortawesome/fontawesome-free-regular": {
      "version": "5.0.9",
      "resolved": "https://registry.npmjs.org/@fortawesome/fontawesome-free-regular/-/fontawesome-free-regular-5.0.9.tgz",
      "integrity": "sha512-ZmFzheHYShlP8/rp0tSojhVN5ZcuaOIN9kZkCEevFU3AIgVkCju8LuLeZXTFq/qkS74NAZipwNys8nlQbIsX2g==",
      "requires": {
        "@fortawesome/fontawesome-common-types": "0.1.3"
      }
    }
  }
}
